hash: 1496c78812aeb3d9f0b4540469d15c2df8e76edfd299ed2343df90fcb17c900c
updated: 2017-08-30T23:04:29.931405102+08:00
imports:
- name: github.com/golang/groupcache
  version: b710c8433bd175204919eb38776e944233235d03
  subpackages:
  - singleflight
- name: github.com/miekg/dns
  version: e4205768578dc90c2669e75a2f8a8bf77e3083a4
testImports: []
